
Microsoft Visual Studio Solution File, Format Version 12.00
Project("{FAE04EC0-301F-11D3-BF4B-00C04F79EFBC}") = "BurstBotNET", "BurstBotNET\BurstBotNET.csproj", "{1E9B0B05-FFF6-4C07-8BE3-BB5EB3F8340F}"
EndProject
Project("{FAE04EC0-301F-11D3-BF4B-00C04F79EFBC}") = "BurstBotShared", "BurstBotShared\BurstBotShared.csproj", "{68D50861-50E1-4035-B262-9B0ACC330096}"
EndProject
Global
	GlobalSection(SolutionConfigurationPlatforms) = preSolution
		Debug|Any CPU = Debug|Any CPU
		Release|Any CPU = Release|Any CPU
	EndGlobalSection
	GlobalSection(ProjectConfigurationPlatforms) = postSolution
		{1E9B0B05-FFF6-4C07-8BE3-BB5EB3F8340F}.Debug|Any CPU.ActiveCfg = Debug|Any CPU
		{1E9B0B05-FFF6-4C07-8BE3-BB5EB3F8340F}.Debug|Any CPU.Build.0 = Debug|Any CPU
		{1E9B0B05-FFF6-4C07-8BE3-BB5EB3F8340F}.Release|Any CPU.ActiveCfg = Release|Any CPU
		{1E9B0B05-FFF6-4C07-8BE3-BB5EB3F8340F}.Release|Any CPU.Build.0 = Release|Any CPU
		{68D50861-50E1-4035-B262-9B0ACC330096}.Debug|Any CPU.ActiveCfg = Debug|Any CPU
		{68D50861-50E1-4035-B262-9B0ACC330096}.Debug|Any CPU.Build.0 = Debug|Any CPU
		{68D50861-50E1-4035-B262-9B0ACC330096}.Release|Any CPU.ActiveCfg = Release|Any CPU
		{68D50861-50E1-4035-B262-9B0ACC330096}.Release|Any CPU.Build.0 = Release|Any CPU
	EndGlobalSection
EndGlobal
